
Microsoft Visual Studio Solution File, Format Version 12.00
# Visual Studio Version 17
VisualStudioVersion = 17.6.33723.286
MinimumVisualStudioVersion = 10.0.40219.1
Project("{2150E333-8FDC-42A3-9474-1A3956D46DE8}") = "FrontEnd", "FrontEnd", "{86CCC0C8-5422-4372-AA9E-29E3AB12B6D5}"
EndProject
Project("{2150E333-8FDC-42A3-9474-1A3956D46DE8}") = "Services", "Services", "{78DCB68D-7B02-44B0-BE20-5CD70CAE93CE}"
EndProject
Project("{9A19103F-16F7-4668-BE54-9A1E7A4F7556}") = "GeekShopping.Web", "GeekShopping.Web\GeekShopping.Web.csproj", "{1A8005D1-7C01-4F94-B3AF-D9C8FB671331}"
EndProject
Project("{9A19103F-16F7-4668-BE54-9A1E7A4F7556}") = "GeekShopping.ProductAPI", "GeekShopping.ProductAPI\GeekShopping.ProductAPI.csproj", "{CF270251-F871-4E4C-909D-5606BF909DE9}"
EndProject
Project("{9A19103F-16F7-4668-BE54-9A1E7A4F7556}") = "GeekShopping.IdentityServer", "GeekShopping.IdentityServer\GeekShopping.IdentityServer.csproj", "{36588436-260D-4050-8367-1933E08F1E92}"
EndProject
Project("{9A19103F-16F7-4668-BE54-9A1E7A4F7556}") = "GeekShopping.CartAPI", "GeekShopping.CartAPI\GeekShopping.CartAPI.csproj", "{C52CDD5A-DECB-4549-A533-D95EA8B7D4A3}"
EndProject
Project("{9A19103F-16F7-4668-BE54-9A1E7A4F7556}") = "GeekShopping.CouponAPI", "GeekShopping.CouponAPI\GeekShopping.CouponAPI.csproj", "{A7EAC3BD-A06B-490E-9F75-9D0554CB7C9B}"
EndProject
Project("{2150E333-8FDC-42A3-9474-1A3956D46DE8}") = "Integration", "Integration", "{7B599C54-2712-42A1-B04A-09AD1C5D9DF1}"
EndProject
Project("{9A19103F-16F7-4668-BE54-9A1E7A4F7556}") = "GeekShopping.MessageBus", "GeekShopping.MessageBus\GeekShopping.MessageBus.csproj", "{D9DCBCD7-35A5-4AD8-9402-9932CDA89FAA}"
EndProject
Project("{FAE04EC0-301F-11D3-BF4B-00C04F79EFBC}") = "GeekShopping.OrderAPI", "GeekShopping.OrderAPI\GeekShopping.OrderAPI.csproj", "{B53BC366-2219-4874-A353-161912F26586}"
EndProject
Project("{2150E333-8FDC-42A3-9474-1A3956D46DE8}") = "Payments", "Payments", "{3BB33D0D-6F11-4043-8153-63244F6AC4DE}"
EndProject
Project("{FAE04EC0-301F-11D3-BF4B-00C04F79EFBC}") = "GeekShopping.PaymentProcessor", "GeekShopping.PaymentProcessor\GeekShopping.PaymentProcessor.csproj", "{6B2C1C2D-1669-47AA-BC8A-EE0AEC7BCE44}"
EndProject
Project("{FAE04EC0-301F-11D3-BF4B-00C04F79EFBC}") = "GeekShopping.PaymentAPI", "GeekShopping.PaymentAPI\GeekShopping.PaymentAPI.csproj", "{71B6ED5B-16AB-41F0-B0FE-8D9D2D945C00}"
EndProject
Project("{FAE04EC0-301F-11D3-BF4B-00C04F79EFBC}") = "GeekShopping.Email", "GeekShopping.Email\GeekShopping.Email.csproj", "{FC2BC240-482D-4AC5-A425-690E3328D755}"
EndProject
Global
	GlobalSection(SolutionConfigurationPlatforms) = preSolution
		Debug|Any CPU = Debug|Any CPU
		Release|Any CPU = Release|Any CPU
	EndGlobalSection
	GlobalSection(ProjectConfigurationPlatforms) = postSolution
		{1A8005D1-7C01-4F94-B3AF-D9C8FB671331}.Debug|Any CPU.ActiveCfg = Debug|Any CPU
		{1A8005D1-7C01-4F94-B3AF-D9C8FB671331}.Debug|Any CPU.Build.0 = Debug|Any CPU
		{1A8005D1-7C01-4F94-B3AF-D9C8FB671331}.Release|Any CPU.ActiveCfg = Release|Any CPU
		{1A8005D1-7C01-4F94-B3AF-D9C8FB671331}.Release|Any CPU.Build.0 = Release|Any CPU
		{CF270251-F871-4E4C-909D-5606BF909DE9}.Debug|Any CPU.ActiveCfg = Debug|Any CPU
		{CF270251-F871-4E4C-909D-5606BF909DE9}.Debug|Any CPU.Build.0 = Debug|Any CPU
		{CF270251-F871-4E4C-909D-5606BF909DE9}.Release|Any CPU.ActiveCfg = Release|Any CPU
		{CF270251-F871-4E4C-909D-5606BF909DE9}.Release|Any CPU.Build.0 = Release|Any CPU
		{36588436-260D-4050-8367-1933E08F1E92}.Debug|Any CPU.ActiveCfg = Debug|Any CPU
		{36588436-260D-4050-8367-1933E08F1E92}.Debug|Any CPU.Build.0 = Debug|Any CPU
		{36588436-260D-4050-8367-1933E08F1E92}.Release|Any CPU.ActiveCfg = Release|Any CPU
		{36588436-260D-4050-8367-1933E08F1E92}.Release|Any CPU.Build.0 = Release|Any CPU
		{C52CDD5A-DECB-4549-A533-D95EA8B7D4A3}.Debug|Any CPU.ActiveCfg = Debug|Any CPU
		{C52CDD5A-DECB-4549-A533-D95EA8B7D4A3}.Debug|Any CPU.Build.0 = Debug|Any CPU
		{C52CDD5A-DECB-4549-A533-D95EA8B7D4A3}.Release|Any CPU.ActiveCfg = Release|Any CPU
		{C52CDD5A-DECB-4549-A533-D95EA8B7D4A3}.Release|Any CPU.Build.0 = Release|Any CPU
		{A7EAC3BD-A06B-490E-9F75-9D0554CB7C9B}.Debug|Any CPU.ActiveCfg = Debug|Any CPU
		{A7EAC3BD-A06B-490E-9F75-9D0554CB7C9B}.Debug|Any CPU.Build.0 = Debug|Any CPU
		{A7EAC3BD-A06B-490E-9F75-9D0554CB7C9B}.Release|Any CPU.ActiveCfg = Release|Any CPU
		{A7EAC3BD-A06B-490E-9F75-9D0554CB7C9B}.Release|Any CPU.Build.0 = Release|Any CPU
		{D9DCBCD7-35A5-4AD8-9402-9932CDA89FAA}.Debug|Any CPU.ActiveCfg = Debug|Any CPU
		{D9DCBCD7-35A5-4AD8-9402-9932CDA89FAA}.Debug|Any CPU.Build.0 = Debug|Any CPU
		{D9DCBCD7-35A5-4AD8-9402-9932CDA89FAA}.Release|Any CPU.ActiveCfg = Release|Any CPU
		{D9DCBCD7-35A5-4AD8-9402-9932CDA89FAA}.Release|Any CPU.Build.0 = Release|Any CPU
		{B53BC366-2219-4874-A353-161912F26586}.Debug|Any CPU.ActiveCfg = Debug|Any CPU
		{B53BC366-2219-4874-A353-161912F26586}.Debug|Any CPU.Build.0 = Debug|Any CPU
		{B53BC366-2219-4874-A353-161912F26586}.Release|Any CPU.ActiveCfg = Release|Any CPU
		{B53BC366-2219-4874-A353-161912F26586}.Release|Any CPU.Build.0 = Release|Any CPU
		{6B2C1C2D-1669-47AA-BC8A-EE0AEC7BCE44}.Debug|Any CPU.ActiveCfg = Debug|Any CPU
		{6B2C1C2D-1669-47AA-BC8A-EE0AEC7BCE44}.Debug|Any CPU.Build.0 = Debug|Any CPU
		{6B2C1C2D-1669-47AA-BC8A-EE0AEC7BCE44}.Release|Any CPU.ActiveCfg = Release|Any CPU
		{6B2C1C2D-1669-47AA-BC8A-EE0AEC7BCE44}.Release|Any CPU.Build.0 = Release|Any CPU
		{71B6ED5B-16AB-41F0-B0FE-8D9D2D945C00}.Debug|Any CPU.ActiveCfg = Debug|Any CPU
		{71B6ED5B-16AB-41F0-B0FE-8D9D2D945C00}.Debug|Any CPU.Build.0 = Debug|Any CPU
		{71B6ED5B-16AB-41F0-B0FE-8D9D2D945C00}.Release|Any CPU.ActiveCfg = Release|Any CPU
		{71B6ED5B-16AB-41F0-B0FE-8D9D2D945C00}.Release|Any CPU.Build.0 = Release|Any CPU
		{FC2BC240-482D-4AC5-A425-690E3328D755}.Debug|Any CPU.ActiveCfg = Debug|Any CPU
		{FC2BC240-482D-4AC5-A425-690E3328D755}.Debug|Any CPU.Build.0 = Debug|Any CPU
		{FC2BC240-482D-4AC5-A425-690E3328D755}.Release|Any CPU.ActiveCfg = Release|Any CPU
		{FC2BC240-482D-4AC5-A425-690E3328D755}.Release|Any CPU.Build.0 = Release|Any CPU
	EndGlobalSection
	GlobalSection(SolutionProperties) = preSolution
		HideSolutionNode = FALSE
	EndGlobalSection
	GlobalSection(NestedProjects) = preSolution
		{1A8005D1-7C01-4F94-B3AF-D9C8FB671331} = {86CCC0C8-5422-4372-AA9E-29E3AB12B6D5}
		{CF270251-F871-4E4C-909D-5606BF909DE9} = {78DCB68D-7B02-44B0-BE20-5CD70CAE93CE}
		{36588436-260D-4050-8367-1933E08F1E92} = {78DCB68D-7B02-44B0-BE20-5CD70CAE93CE}
		{C52CDD5A-DECB-4549-A533-D95EA8B7D4A3} = {78DCB68D-7B02-44B0-BE20-5CD70CAE93CE}
		{A7EAC3BD-A06B-490E-9F75-9D0554CB7C9B} = {78DCB68D-7B02-44B0-BE20-5CD70CAE93CE}
		{D9DCBCD7-35A5-4AD8-9402-9932CDA89FAA} = {7B599C54-2712-42A1-B04A-09AD1C5D9DF1}
		{B53BC366-2219-4874-A353-161912F26586} = {78DCB68D-7B02-44B0-BE20-5CD70CAE93CE}
		{6B2C1C2D-1669-47AA-BC8A-EE0AEC7BCE44} = {3BB33D0D-6F11-4043-8153-63244F6AC4DE}
		{71B6ED5B-16AB-41F0-B0FE-8D9D2D945C00} = {78DCB68D-7B02-44B0-BE20-5CD70CAE93CE}
		{FC2BC240-482D-4AC5-A425-690E3328D755} = {78DCB68D-7B02-44B0-BE20-5CD70CAE93CE}
	EndGlobalSection
	GlobalSection(ExtensibilityGlobals) = postSolution
		SolutionGuid = {7960A936-310B-49EA-B504-D12E71CDD4DB}
	EndGlobalSection
EndGlobal
